
Microsoft Visual Studio Solution File, Format Version 12.00
# Visual Studio Version 17
VisualStudioVersion = 17.4.33213.308
MinimumVisualStudioVersion = 10.0.40219.1
Project("{FAE04EC0-301F-11D3-BF4B-00C04F79EFBC}") = "09.02.2023", "09.02.2023\09.02.2023.csproj", "{30885A29-E91D-4FCE-9016-09A86E80EBC0}"
EndProject
Global
	GlobalSection(SolutionConfigurationPlatforms) = preSolution
		Debug|Any CPU = Debug|Any CPU
		Release|Any CPU = Release|Any CPU
	EndGlobalSection
	GlobalSection(ProjectConfigurationPlatforms) = postSolution
		{30885A29-E91D-4FCE-9016-09A86E80EBC0}.Debug|Any CPU.ActiveCfg = Debug|Any CPU
		{30885A29-E91D-4FCE-9016-09A86E80EBC0}.Debug|Any CPU.Build.0 = Debug|Any CPU
		{30885A29-E91D-4FCE-9016-09A86E80EBC0}.Release|Any CPU.ActiveCfg = Release|Any CPU
		{30885A29-E91D-4FCE-9016-09A86E80EBC0}.Release|Any CPU.Build.0 = Release|Any CPU
	EndGlobalSection
	GlobalSection(SolutionProperties) = preSolution
		HideSolutionNode = FALSE
	EndGlobalSection
	GlobalSection(ExtensibilityGlobals) = postSolution
		SolutionGuid = {2C5C368B-6901-478D-AD23-35766B64BE24}
	EndGlobalSection
EndGlobal
