
Microsoft Visual Studio Solution File, Format Version 12.00
# Visual Studio Version 17
VisualStudioVersion = 17.4.33213.308
MinimumVisualStudioVersion = 10.0.40219.1
Project("{FAE04EC0-301F-11D3-BF4B-00C04F79EFBC}") = "30.01.2023", "30.01.2023\30.01.2023.csproj", "{526A3DE0-E76B-4B11-91C8-24DF442A9704}"
EndProject
Global
	GlobalSection(SolutionConfigurationPlatforms) = preSolution
		Debug|Any CPU = Debug|Any CPU
		Release|Any CPU = Release|Any CPU
	EndGlobalSection
	GlobalSection(ProjectConfigurationPlatforms) = postSolution
		{526A3DE0-E76B-4B11-91C8-24DF442A9704}.Debug|Any CPU.ActiveCfg = Debug|Any CPU
		{526A3DE0-E76B-4B11-91C8-24DF442A9704}.Debug|Any CPU.Build.0 = Debug|Any CPU
		{526A3DE0-E76B-4B11-91C8-24DF442A9704}.Release|Any CPU.ActiveCfg = Release|Any CPU
		{526A3DE0-E76B-4B11-91C8-24DF442A9704}.Release|Any CPU.Build.0 = Release|Any CPU
	EndGlobalSection
	GlobalSection(SolutionProperties) = preSolution
		HideSolutionNode = FALSE
	EndGlobalSection
	GlobalSection(ExtensibilityGlobals) = postSolution
		SolutionGuid = {210B6B53-667E-45AD-8FD3-B7DE013EB805}
	EndGlobalSection
EndGlobal
