
Microsoft Visual Studio Solution File, Format Version 12.00
# Visual Studio Version 17
VisualStudioVersion = 17.4.33213.308
MinimumVisualStudioVersion = 10.0.40219.1
Project("{FAE04EC0-301F-11D3-BF4B-00C04F79EFBC}") = "11.02.2023", "11.02.2023\11.02.2023.csproj", "{48E82AD3-7F7A-4366-BCD4-D704C603624D}"
EndProject
Global
	GlobalSection(SolutionConfigurationPlatforms) = preSolution
		Debug|Any CPU = Debug|Any CPU
		Release|Any CPU = Release|Any CPU
	EndGlobalSection
	GlobalSection(ProjectConfigurationPlatforms) = postSolution
		{48E82AD3-7F7A-4366-BCD4-D704C603624D}.Debug|Any CPU.ActiveCfg = Debug|Any CPU
		{48E82AD3-7F7A-4366-BCD4-D704C603624D}.Debug|Any CPU.Build.0 = Debug|Any CPU
		{48E82AD3-7F7A-4366-BCD4-D704C603624D}.Release|Any CPU.ActiveCfg = Release|Any CPU
		{48E82AD3-7F7A-4366-BCD4-D704C603624D}.Release|Any CPU.Build.0 = Release|Any CPU
	EndGlobalSection
	GlobalSection(SolutionProperties) = preSolution
		HideSolutionNode = FALSE
	EndGlobalSection
	GlobalSection(ExtensibilityGlobals) = postSolution
		SolutionGuid = {62FB1561-E62D-4BD6-9D8A-AFA41DCF7940}
	EndGlobalSection
EndGlobal
